{
    "name": "ay-crestron-fonts",
    "version": "1.0.10",
    "lockfileVersion": 2,
    "requires": true,
    "packages": {
        "": {
            "name": "ay-crestron-fonts",
            "version": "1.0.10",
            "hasInstallScript": true,
            "license": "(Font: Crestron, CSS: MIT License)",
            "engines": {
                "node": ">=6"
            }
        }
    }
}
